Microsoft Visual Studio Solution File, Format Version 12.00
# Visual Studio Version 17
VisualStudioVersion = 17.5.2.0
MinimumVisualStudioVersion = 10.0.40219.1
Project("{FAE04EC0-301F-11D3-BF4B-00C04F79EFBC}") = "opendata-functions", "opendata-functions.csproj", "{B317103E-AC41-4A0D-1AAF-6480526421DB}"
EndProject
Global
	GlobalSection(SolutionConfigurationPlatforms) = preSolution
		Debug|Any CPU = Debug|Any CPU
		Release|Any CPU = Release|Any CPU
	EndGlobalSection
	GlobalSection(ProjectConfigurationPlatforms) = postSolution
		{B317103E-AC41-4A0D-1AAF-6480526421DB}.Debug|Any CPU.ActiveCfg = Debug|Any CPU
		{B317103E-AC41-4A0D-1AAF-6480526421DB}.Debug|Any CPU.Build.0 = Debug|Any CPU
		{B317103E-AC41-4A0D-1AAF-6480526421DB}.Release|Any CPU.ActiveCfg = Release|Any CPU
		{B317103E-AC41-4A0D-1AAF-6480526421DB}.Release|Any CPU.Build.0 = Release|Any CPU
	EndGlobalSection
	GlobalSection(SolutionProperties) = preSolution
		HideSolutionNode = FALSE
	EndGlobalSection
	GlobalSection(ExtensibilityGlobals) = postSolution
		SolutionGuid = {3F0BBFAA-C0F2-40AD-A9A1-5A386A608C06}
	EndGlobalSection
EndGlobal
